// !$*UTF8*$!
{
	archiveVersion = 1;
	classes = {
	};
	objectVersion = 46;
	objects = {

/* Begin PBXBuildFile section */
		8D05375E1B86687C00588318 /* main.m in Sources */ = {isa = PBXBuildFile; fileRef = 8D05375D1B86687C00588318 /* main.m */; };
		8D0537611B86687C00588318 /* AppDelegate.m in Sources */ = {isa = PBXBuildFile; fileRef = 8D0537601B86687C00588318 /* AppDelegate.m */; };
		8D0537671B86687C00588318 /* Main.storyboard in Resources */ = {isa = PBXBuildFile; fileRef = 8D0537651B86687C00588318 /* Main.storyboard */; };
		8D05376C1B86687C00588318 /* LaunchScreen.xib in Resources */ = {isa = PBXBuildFile; fileRef = 8D05376A1B86687C00588318 /* LaunchScreen.xib */; };
		8D0537781B86687C00588318 /* TimeTests.m in Sources */ = {isa = PBXBuildFile; fileRef = 8D0537771B86687C00588318 /* TimeTests.m */; };
		8D0FF3191B8AC7EF00FD428D /* C4QOnePtLineView.m in Sources */ = {isa = PBXBuildFile; fileRef = 8D0FF3181B8AC7EF00FD428D /* C4QOnePtLineView.m */; };
		8D0FF31C1B8AD32B00FD428D /* Images.xcassets in Resources */ = {isa = PBXBuildFile; fileRef = 8D0FF31B1B8AD32B00FD428D /* Images.xcassets */; };
		8D154D721B88CC00007F8270 /* C4QTimer.m in Sources */ = {isa = PBXBuildFile; fileRef = 8D154D711B88CC00007F8270 /* C4QTimer.m */; };
		8D154D751B88DAD0007F8270 /* UIColor+TimerColors.m in Sources */ = {isa = PBXBuildFile; fileRef = 8D154D741B88DAD0007F8270 /* UIColor+TimerColors.m */; };
		8D154D781B88E53C007F8270 /* C4QLapManager.m in Sources */ = {isa = PBXBuildFile; fileRef = 8D154D771B88E53C007F8270 /* C4QLapManager.m */; };
		8D16CC481B8C0F4B00BA5E47 /* C4QNewCountdownEventTableViewController.m in Sources */ = {isa = PBXBuildFile; fileRef = 8D16CC471B8C0F4B00BA5E47 /* C4QNewCountdownEventTableViewController.m */; settings = {ASSET_TAGS = (); }; };
		8D16CC4B1B8C20B400BA5E47 /* AudioToolbox.framework in Frameworks */ = {isa = PBXBuildFile; fileRef = 8D16CC4A1B8C20B400BA5E47 /* AudioToolbox.framework */; };
		8D202A031B8B99CD008CB378 /* C4QEventCountdownTableViewCell.m in Sources */ = {isa = PBXBuildFile; fileRef = 8D202A021B8B99CD008CB378 /* C4QEventCountdownTableViewCell.m */; };
		8DAD7B2E1B955D560000942C /* C4QTimeFormatter.m in Sources */ = {isa = PBXBuildFile; fileRef = 8DAD7B2D1B955D560000942C /* C4QTimeFormatter.m */; settings = {ASSET_TAGS = (); }; };
		8DAD7B311B95619C0000942C /* C4QTimedEvent.m in Sources */ = {isa = PBXBuildFile; fileRef = 8DAD7B301B95619C0000942C /* C4QTimedEvent.m */; settings = {ASSET_TAGS = (); }; };
		8DB0193C1B88C1DE003FC0E8 /* C4QStopWatchViewController.m in Sources */ = {isa = PBXBuildFile; fileRef = 8DB0193B1B88C1DE003FC0E8 /* C4QStopWatchViewController.m */; };
		8DB0193F1B88C1E9003FC0E8 /* C4QTimerViewController.m in Sources */ = {isa = PBXBuildFile; fileRef = 8DB0193E1B88C1E9003FC0E8 /* C4QTimerViewController.m */; };
		8DDF9BCA1B8A9E0D001FB268 /* C4QPresetTimerTableViewCell.m in Sources */ = {isa = PBXBuildFile; fileRef = 8DDF9BC91B8A9E0D001FB268 /* C4QPresetTimerTableViewCell.m */; };
		8DF70C861B8B811C0062BF8A /* C4QEventCountdownTableViewController.m in Sources */ = {isa = PBXBuildFile; fileRef = 8DF70C851B8B811C0062BF8A /* C4QEventCountdownTableViewController.m */; };
		8DF70C8A1B8B824E0062BF8A /* C4QCountdownEvent.m in Sources */ = {isa = PBXBuildFile; fileRef = 8DF70C891B8B824E0062BF8A /* C4QCountdownEvent.m */; };
		8DFFE5521B8A2924004C6060 /* C4QPresetTimerSelectionTableViewController.m in Sources */ = {isa = PBXBuildFile; fileRef = 8DFFE5511B8A2924004C6060 /* C4QPresetTimerSelectionTableViewController.m */; };
		8DFFE5581B8A3356004C6060 /* C4QNewPresetTimerViewController.m in Sources */ = {isa = PBXBuildFile; fileRef = 8DFFE5571B8A3356004C6060 /* C4QNewPresetTimerViewController.m */; };
		8DFFE55B1B8A3988004C6060 /* UIViewController+HeirarchyManager.m in Sources */ = {isa = PBXBuildFile; fileRef = 8DFFE55A1B8A3988004C6060 /* UIViewController+HeirarchyManager.m */; };
/* End PBXBuildFile section */

/* Begin PBXContainerItemProxy section */
		8D0537721B86687C00588318 /* PBXContainerItemProxy */ = {
			isa = PBXContainerItemProxy;
			containerPortal = 8D0537501B86687B00588318 /* Project object */;
			proxyType = 1;
			remoteGlobalIDString = 8D0537571B86687B00588318;
			remoteInfo = Time;
		};
/* End PBXContainerItemProxy section */

/* Begin PBXFileReference section */
		8D0537581B86687B00588318 /* Time.app */ = {isa = PBXFileReference; explicitFileType = wrapper.application; includeInIndex = 0; path = Time.app; sourceTree = BUILT_PRODUCTS_DIR; };
		8D05375C1B86687B00588318 /* Info.plist */ = {isa = PBXFileReference; lastKnownFileType = text.plist.xml; path = Info.plist; sourceTree = "<group>"; };
		8D05375D1B86687C00588318 /* main.m */ = {isa = PBXFileReference; lastKnownFileType = sourcecode.c.objc; path = main.m; sourceTree = "<group>"; };
		8D05375F1B86687C00588318 /* AppDelegate.h */ = {isa = PBXFileReference; lastKnownFileType = sourcecode.c.h; path = AppDelegate.h; sourceTree = "<group>"; };
		8D0537601B86687C00588318 /* AppDelegate.m */ = {isa = PBXFileReference; lastKnownFileType = sourcecode.c.objc; path = AppDelegate.m; sourceTree = "<group>"; };
		8D0537661B86687C00588318 /* Base */ = {isa = PBXFileReference; lastKnownFileType = file.storyboard; name = Base; path = Base.lproj/Main.storyboard; sourceTree = "<group>"; };
		8D05376B1B86687C00588318 /* Base */ = {isa = PBXFileReference; lastKnownFileType = file.xib; name = Base; path = Base.lproj/LaunchScreen.xib; sourceTree = "<group>"; };
		8D0537711B86687C00588318 /* TimeTests.xctest */ = {isa = PBXFileReference; explicitFileType = wrapper.cfbundle; includeInIndex = 0; path = TimeTests.xctest; sourceTree = BUILT_PRODUCTS_DIR; };
		8D0537761B86687C00588318 /* Info.plist */ = {isa = PBXFileReference; lastKnownFileType = text.plist.xml; path = Info.plist; sourceTree = "<group>"; };
		8D0537771B86687C00588318 /* TimeTests.m */ = {isa = PBXFileReference; lastKnownFileType = sourcecode.c.objc; path = TimeTests.m; sourceTree = "<group>"; };
		8D0FF3171B8AC7EF00FD428D /* C4QOnePtLineView.h */ = {isa = PBXFileReference; fileEncoding = 4; lastKnownFileType = sourcecode.c.h; path = C4QOnePtLineView.h; sourceTree = "<group>"; };
		8D0FF3181B8AC7EF00FD428D /* C4QOnePtLineView.m */ = {isa = PBXFileReference; fileEncoding = 4; lastKnownFileType = sourcecode.c.objc; path = C4QOnePtLineView.m; sourceTree = "<group>"; };
		8D0FF31B1B8AD32B00FD428D /* Images.xcassets */ = {isa = PBXFileReference; lastKnownFileType = folder.assetcatalog; path = Images.xcassets; sourceTree = "<group>"; };
		8D154D701B88CC00007F8270 /* C4QTimer.h */ = {isa = PBXFileReference; fileEncoding = 4; lastKnownFileType = sourcecode.c.h; path = C4QTimer.h; sourceTree = "<group>"; };
		8D154D711B88CC00007F8270 /* C4QTimer.m */ = {isa = PBXFileReference; fileEncoding = 4; lastKnownFileType = sourcecode.c.objc; path = C4QTimer.m; sourceTree = "<group>"; };
		8D154D731B88DAD0007F8270 /* UIColor+TimerColors.h */ = {isa = PBXFileReference; fileEncoding = 4; lastKnownFileType = sourcecode.c.h; path = "UIColor+TimerColors.h"; sourceTree = "<group>"; };
		8D154D741B88DAD0007F8270 /* UIColor+TimerColors.m */ = {isa = PBXFileReference; fileEncoding = 4; lastKnownFileType = sourcecode.c.objc; path = "UIColor+TimerColors.m"; sourceTree = "<group>"; };
		8D154D761B88E53C007F8270 /* C4QLapManager.h */ = {isa = PBXFileReference; fileEncoding = 4; lastKnownFileType = sourcecode.c.h; path = C4QLapManager.h; sourceTree = "<group>"; };
		8D154D771B88E53C007F8270 /* C4QLapManager.m */ = {isa = PBXFileReference; fileEncoding = 4; lastKnownFileType = sourcecode.c.objc; path = C4QLapManager.m; sourceTree = "<group>"; };
		8D16CC461B8C0F4B00BA5E47 /* C4QNewCountdownEventTableViewController.h */ = {isa = PBXFileReference; fileEncoding = 4; lastKnownFileType = sourcecode.c.h; path = C4QNewCountdownEventTableViewController.h; sourceTree = "<group>"; };
		8D16CC471B8C0F4B00BA5E47 /* C4QNewCountdownEventTableViewController.m */ = {isa = PBXFileReference; fileEncoding = 4; lastKnownFileType = sourcecode.c.objc; path = C4QNewCountdownEventTableViewController.m; sourceTree = "<group>"; };
		8D16CC4A1B8C20B400BA5E47 /* AudioToolbox.framework */ = {isa = PBXFileReference; lastKnownFileType = wrapper.framework; name = AudioToolbox.framework; path = System/Library/Frameworks/AudioToolbox.framework; sourceTree = SDKROOT; };
		8D202A011B8B99CD008CB378 /* C4QEventCountdownTableViewCell.h */ = {isa = PBXFileReference; fileEncoding = 4; lastKnownFileType = sourcecode.c.h; path = C4QEventCountdownTableViewCell.h; sourceTree = "<group>"; };
		8D202A021B8B99CD008CB378 /* C4QEventCountdownTableViewCell.m */ = {isa = PBXFileReference; fileEncoding = 4; lastKnownFileType = sourcecode.c.objc; path = C4QEventCountdownTableViewCell.m; sourceTree = "<group>"; };
		8DAD7B2C1B955D560000942C /* C4QTimeFormatter.h */ = {isa = PBXFileReference; fileEncoding = 4; lastKnownFileType = sourcecode.c.h; path = C4QTimeFormatter.h; sourceTree = "<group>"; };
		8DAD7B2D1B955D560000942C /* C4QTimeFormatter.m */ = {isa = PBXFileReference; fileEncoding = 4; lastKnownFileType = sourcecode.c.objc; path = C4QTimeFormatter.m; sourceTree = "<group>"; };
		8DAD7B2F1B95619C0000942C /* C4QTimedEvent.h */ = {isa = PBXFileReference; fileEncoding = 4; lastKnownFileType = sourcecode.c.h; path = C4QTimedEvent.h; sourceTree = "<group>"; };
		8DAD7B301B95619C0000942C /* C4QTimedEvent.m */ = {isa = PBXFileReference; fileEncoding = 4; lastKnownFileType = sourcecode.c.objc; path = C4QTimedEvent.m; sourceTree = "<group>"; };
		8DB0193A1B88C1DE003FC0E8 /* C4QStopWatchViewController.h */ = {isa = PBXFileReference; fileEncoding = 4; lastKnownFileType = sourcecode.c.h; path = C4QStopWatchViewController.h; sourceTree = "<group>"; };
		8DB0193B1B88C1DE003FC0E8 /* C4QStopWatchViewController.m */ = {isa = PBXFileReference; fileEncoding = 4; lastKnownFileType = sourcecode.c.objc; path = C4QStopWatchViewController.m; sourceTree = "<group>"; };
		8DB0193D1B88C1E9003FC0E8 /* C4QTimerViewController.h */ = {isa = PBXFileReference; fileEncoding = 4; lastKnownFileType = sourcecode.c.h; path = C4QTimerViewController.h; sourceTree = "<group>"; };
		8DB0193E1B88C1E9003FC0E8 /* C4QTimerViewController.m */ = {isa = PBXFileReference; fileEncoding = 4; lastKnownFileType = sourcecode.c.objc; path = C4QTimerViewController.m; sourceTree = "<group>"; };
		8DDF9BC81B8A9E0D001FB268 /* C4QPresetTimerTableViewCell.h */ = {isa = PBXFileReference; fileEncoding = 4; lastKnownFileType = sourcecode.c.h; path = C4QPresetTimerTableViewCell.h; sourceTree = "<group>"; };
		8DDF9BC91B8A9E0D001FB268 /* C4QPresetTimerTableViewCell.m */ = {isa = PBXFileReference; fileEncoding = 4; lastKnownFileType = sourcecode.c.objc; path = C4QPresetTimerTableViewCell.m; sourceTree = "<group>"; };
		8DF70C841B8B811C0062BF8A /* C4QEventCountdownTableViewController.h */ = {isa = PBXFileReference; fileEncoding = 4; lastKnownFileType = sourcecode.c.h; path = C4QEventCountdownTableViewController.h; sourceTree = "<group>"; };
		8DF70C851B8B811C0062BF8A /* C4QEventCountdownTableViewController.m */ = {isa = PBXFileReference; fileEncoding = 4; lastKnownFileType = sourcecode.c.objc; path = C4QEventCountdownTableViewController.m; sourceTree = "<group>"; };
		8DF70C881B8B824E0062BF8A /* C4QCountdownEvent.h */ = {isa = PBXFileReference; fileEncoding = 4; lastKnownFileType = sourcecode.c.h; path = C4QCountdownEvent.h; sourceTree = "<group>"; };
		8DF70C891B8B824E0062BF8A /* C4QCountdownEvent.m */ = {isa = PBXFileReference; fileEncoding = 4; lastKnownFileType = sourcecode.c.objc; path = C4QCountdownEvent.m; sourceTree = "<group>"; };
		8DFFE5501B8A2924004C6060 /* C4QPresetTimerSelectionTableViewController.h */ = {isa = PBXFileReference; fileEncoding = 4; lastKnownFileType = sourcecode.c.h; path = C4QPresetTimerSelectionTableViewController.h; sourceTree = "<group>"; };
		8DFFE5511B8A2924004C6060 /* C4QPresetTimerSelectionTableViewController.m */ = {isa = PBXFileReference; fileEncoding = 4; lastKnownFileType = sourcecode.c.objc; path = C4QPresetTimerSelectionTableViewController.m; sourceTree = "<group>"; };
		8DFFE5561B8A3356004C6060 /* C4QNewPresetTimerViewController.h */ = {isa = PBXFileReference; fileEncoding = 4; lastKnownFileType = sourcecode.c.h; path = C4QNewPresetTimerViewController.h; sourceTree = "<group>"; };
		8DFFE5571B8A3356004C6060 /* C4QNewPresetTimerViewController.m */ = {isa = PBXFileReference; fileEncoding = 4; lastKnownFileType = sourcecode.c.objc; path = C4QNewPresetTimerViewController.m; sourceTree = "<group>"; };
		8DFFE5591B8A3988004C6060 /* UIViewController+HeirarchyManager.h */ = {isa = PBXFileReference; fileEncoding = 4; lastKnownFileType = sourcecode.c.h; path = "UIViewController+HeirarchyManager.h"; sourceTree = "<group>"; };
		8DFFE55A1B8A3988004C6060 /* UIViewController+HeirarchyManager.m */ = {isa = PBXFileReference; fileEncoding = 4; lastKnownFileType = sourcecode.c.objc; path = "UIViewController+HeirarchyManager.m"; sourceTree = "<group>"; };
/* End PBXFileReference section */

/* Begin PBXFrameworksBuildPhase section */
		8D0537551B86687B00588318 /* Frameworks */ = {
			isa = PBXFrameworksBuildPhase;
			buildActionMask = 2147483647;
			files = (
				8D16CC4B1B8C20B400BA5E47 /* AudioToolbox.framework in Frameworks */,
			);
			runOnlyForDeploymentPostprocessing = 0;
		};
		8D05376E1B86687C00588318 /* Frameworks */ = {
			isa = PBXFrameworksBuildPhase;
			buildActionMask = 2147483647;
			files = (
			);
			runOnlyForDeploymentPostprocessing = 0;
		};
/* End PBXFrameworksBuildPhase section */

/* Begin PBXGroup section */
		8D05374F1B86687B00588318 = {
			isa = PBXGroup;
			children = (
				8D16CC4A1B8C20B400BA5E47 /* AudioToolbox.framework */,
				8D05375A1B86687B00588318 /* Time */,
				8D0537741B86687C00588318 /* TimeTests */,
				8D0537591B86687B00588318 /* Products */,
			);
			sourceTree = "<group>";
		};
		8D0537591B86687B00588318 /* Products */ = {
			isa = PBXGroup;
			children = (
				8D0537581B86687B00588318 /* Time.app */,
				8D0537711B86687C00588318 /* TimeTests.xctest */,
			);
			name = Products;
			sourceTree = "<group>";
		};
		8D05375A1B86687B00588318 /* Time */ = {
			isa = PBXGroup;
			children = (
				8D05375F1B86687C00588318 /* AppDelegate.h */,
				8D0537601B86687C00588318 /* AppDelegate.m */,
				8D0537651B86687C00588318 /* Main.storyboard */,
				8D154D7C1B88E5CB007F8270 /* Model */,
				8DDF9BBE1B8A9AE5001FB268 /* Modules */,
				8DDF9BBF1B8A9AEC001FB268 /* Extensions */,
				8D0FF31A1B8AC80800FD428D /* UI */,
				8D0FF31B1B8AD32B00FD428D /* Images.xcassets */,
				8D05376A1B86687C00588318 /* LaunchScreen.xib */,
				8D05375B1B86687B00588318 /* Supporting Files */,
			);
			path = Time;
			sourceTree = "<group>";
		};
		8D05375B1B86687B00588318 /* Supporting Files */ = {
			isa = PBXGroup;
			children = (
				8D05375C1B86687B00588318 /* Info.plist */,
				8D05375D1B86687C00588318 /* main.m */,
			);
			name = "Supporting Files";
			sourceTree = "<group>";
		};
		8D0537741B86687C00588318 /* TimeTests */ = {
			isa = PBXGroup;
			children = (
				8D0537771B86687C00588318 /* TimeTests.m */,
				8D0537751B86687C00588318 /* Supporting Files */,
			);
			path = TimeTests;
			sourceTree = "<group>";
		};
		8D0537751B86687C00588318 /* Supporting Files */ = {
			isa = PBXGroup;
			children = (
				8D0537761B86687C00588318 /* Info.plist */,
			);
			name = "Supporting Files";
			sourceTree = "<group>";
		};
		8D0FF31A1B8AC80800FD428D /* UI */ = {
			isa = PBXGroup;
			children = (
				8D0FF3171B8AC7EF00FD428D /* C4QOnePtLineView.h */,
				8D0FF3181B8AC7EF00FD428D /* C4QOnePtLineView.m */,
			);
			name = UI;
			sourceTree = "<group>";
		};
		8D154D7C1B88E5CB007F8270 /* Model */ = {
			isa = PBXGroup;
			children = (
				8D154D701B88CC00007F8270 /* C4QTimer.h */,
				8D154D711B88CC00007F8270 /* C4QTimer.m */,
				8DAD7B2F1B95619C0000942C /* C4QTimedEvent.h */,
				8DAD7B301B95619C0000942C /* C4QTimedEvent.m */,
				8DAD7B2C1B955D560000942C /* C4QTimeFormatter.h */,
				8DAD7B2D1B955D560000942C /* C4QTimeFormatter.m */,
				8D154D761B88E53C007F8270 /* C4QLapManager.h */,
				8D154D771B88E53C007F8270 /* C4QLapManager.m */,
				8DF70C881B8B824E0062BF8A /* C4QCountdownEvent.h */,
				8DF70C891B8B824E0062BF8A /* C4QCountdownEvent.m */,
			);
			name = Model;
			sourceTree = "<group>";
		};
		8D16CC491B8C0F5200BA5E47 /* New Event */ = {
			isa = PBXGroup;
			children = (
				8D16CC461B8C0F4B00BA5E47 /* C4QNewCountdownEventTableViewController.h */,
				8D16CC471B8C0F4B00BA5E47 /* C4QNewCountdownEventTableViewController.m */,
			);
			name = "New Event";
			sourceTree = "<group>";
		};
		8DDF9BBE1B8A9AE5001FB268 /* Modules */ = {
			isa = PBXGroup;
			children = (
				8DDF9BC01B8A9D6B001FB268 /* Stop Watch */,
				8DDF9BC11B8A9D73001FB268 /* Timer */,
				8DF70C871B8B81200062BF8A /* Events */,
				8D16CC491B8C0F5200BA5E47 /* New Event */,
				8DDF9BC21B8A9D7B001FB268 /* Preset Table */,
				8DDF9BC31B8A9D85001FB268 /* New Preset */,
			);
			name = Modules;
			sourceTree = "<group>";
		};
		8DDF9BBF1B8A9AEC001FB268 /* Extensions */ = {
			isa = PBXGroup;
			children = (
				8DFFE5591B8A3988004C6060 /* UIViewController+HeirarchyManager.h */,
				8DFFE55A1B8A3988004C6060 /* UIViewController+HeirarchyManager.m */,
				8D154D731B88DAD0007F8270 /* UIColor+TimerColors.h */,
				8D154D741B88DAD0007F8270 /* UIColor+TimerColors.m */,
			);
			name = Extensions;
			sourceTree = "<group>";
		};
		8DDF9BC01B8A9D6B001FB268 /* Stop Watch */ = {
			isa = PBXGroup;
			children = (
				8DB0193A1B88C1DE003FC0E8 /* C4QStopWatchViewController.h */,
				8DB0193B1B88C1DE003FC0E8 /* C4QStopWatchViewController.m */,
			);
			name = "Stop Watch";
			sourceTree = "<group>";
		};
		8DDF9BC11B8A9D73001FB268 /* Timer */ = {
			isa = PBXGroup;
			children = (
				8DB0193D1B88C1E9003FC0E8 /* C4QTimerViewController.h */,
				8DB0193E1B88C1E9003FC0E8 /* C4QTimerViewController.m */,
			);
			name = Timer;
			sourceTree = "<group>";
		};
		8DDF9BC21B8A9D7B001FB268 /* Preset Table */ = {
			isa = PBXGroup;
			children = (
				8DFFE5501B8A2924004C6060 /* C4QPresetTimerSelectionTableViewController.h */,
				8DFFE5511B8A2924004C6060 /* C4QPresetTimerSelectionTableViewController.m */,
				8DDF9BC81B8A9E0D001FB268 /* C4QPresetTimerTableViewCell.h */,
				8DDF9BC91B8A9E0D001FB268 /* C4QPresetTimerTableViewCell.m */,
			);
			name = "Preset Table";
			sourceTree = "<group>";
		};
		8DDF9BC31B8A9D85001FB268 /* New Preset */ = {
			isa = PBXGroup;
			children = (
				8DFFE5561B8A3356004C6060 /* C4QNewPresetTimerViewController.h */,
				8DFFE5571B8A3356004C6060 /* C4QNewPresetTimerViewController.m */,
			);
			name = "New Preset";
			sourceTree = "<group>";
		};
		8DF70C871B8B81200062BF8A /* Events */ = {
			isa = PBXGroup;
			children = (
				8DF70C841B8B811C0062BF8A /* C4QEventCountdownTableViewController.h */,
				8DF70C851B8B811C0062BF8A /* C4QEventCountdownTableViewController.m */,
				8D202A011B8B99CD008CB378 /* C4QEventCountdownTableViewCell.h */,
				8D202A021B8B99CD008CB378 /* C4QEventCountdownTableViewCell.m */,
			);
			name = Events;
			sourceTree = "<group>";
		};
/* End PBXGroup section */

/* Begin PBXNativeTarget section */
		8D0537571B86687B00588318 /* Time */ = {
			isa = PBXNativeTarget;
			buildConfigurationList = 8D05377B1B86687C00588318 /* Build configuration list for PBXNativeTarget "Time" */;
			buildPhases = (
				8D0537541B86687B00588318 /* Sources */,
				8D0537551B86687B00588318 /* Frameworks */,
				8D0537561B86687B00588318 /* Resources */,
			);
			buildRules = (
			);
			dependencies = (
			);
			name = Time;
			productName = Time;
			productReference = 8D0537581B86687B00588318 /* Time.app */;
			productType = "com.apple.product-type.application";
		};
		8D0537701B86687C00588318 /* TimeTests */ = {
			isa = PBXNativeTarget;
			buildConfigurationList = 8D05377E1B86687C00588318 /* Build configuration list for PBXNativeTarget "TimeTests" */;
			buildPhases = (
				8D05376D1B86687C00588318 /* Sources */,
				8D05376E1B86687C00588318 /* Frameworks */,
				8D05376F1B86687C00588318 /* Resources */,
			);
			buildRules = (
			);
			dependencies = (
				8D0537731B86687C00588318 /* PBXTargetDependency */,
			);
			name = TimeTests;
			productName = TimeTests;
			productReference = 8D0537711B86687C00588318 /* TimeTests.xctest */;
			productType = "com.apple.product-type.bundle.unit-test";
		};
/* End PBXNativeTarget section */

/* Begin PBXProject section */
		8D0537501B86687B00588318 /* Project object */ = {
			isa = PBXProject;
			attributes = {
				LastUpgradeCheck = 0700;
				ORGANIZATIONNAME = "Mike Kavouras";
				TargetAttributes = {
					8D0537571B86687B00588318 = {
						CreatedOnToolsVersion = 6.4;
					};
					8D0537701B86687C00588318 = {
						CreatedOnToolsVersion = 6.4;
						TestTargetID = 8D0537571B86687B00588318;
					};
				};
			};
			buildConfigurationList = 8D0537531B86687B00588318 /* Build configuration list for PBXProject "Time" */;
			compatibilityVersion = "Xcode 3.2";
			developmentRegion = English;
			hasScannedForEncodings = 0;
			knownRegions = (
				en,
				Base,
			);
			mainGroup = 8D05374F1B86687B00588318;
			productRefGroup = 8D0537591B86687B00588318 /* Products */;
			projectDirPath = "";
			projectRoot = "";
			targets = (
				8D0537571B86687B00588318 /* Time */,
				8D0537701B86687C00588318 /* TimeTests */,
			);
		};
/* End PBXProject section */

/* Begin PBXResourcesBuildPhase section */
		8D0537561B86687B00588318 /* Resources */ = {
			isa = PBXResourcesBuildPhase;
			buildActionMask = 2147483647;
			files = (
				8D0FF31C1B8AD32B00FD428D /* Images.xcassets in Resources */,
				8D0537671B86687C00588318 /* Main.storyboard in Resources */,
				8D05376C1B86687C00588318 /* LaunchScreen.xib in Resources */,
			);
			runOnlyForDeploymentPostprocessing = 0;
		};
		8D05376F1B86687C00588318 /* Resources */ = {
			isa = PBXResourcesBuildPhase;
			buildActionMask = 2147483647;
			files = (
			);
			runOnlyForDeploymentPostprocessing = 0;
		};
/* End PBXResourcesBuildPhase section */

/* Begin PBXSourcesBuildPhase section */
		8D0537541B86687B00588318 /* Sources */ = {
			isa = PBXSourcesBuildPhase;
			buildActionMask = 2147483647;
			files = (
				8D16CC481B8C0F4B00BA5E47 /* C4QNewCountdownEventTableViewController.m in Sources */,
				8D154D721B88CC00007F8270 /* C4QTimer.m in Sources */,
				8DB0193C1B88C1DE003FC0E8 /* C4QStopWatchViewController.m in Sources */,
				8D0537611B86687C00588318 /* AppDelegate.m in Sources */,
				8DDF9BCA1B8A9E0D001FB268 /* C4QPresetTimerTableViewCell.m in Sources */,
				8DFFE5521B8A2924004C6060 /* C4QPresetTimerSelectionTableViewController.m in Sources */,
				8DAD7B311B95619C0000942C /* C4QTimedEvent.m in Sources */,
				8DAD7B2E1B955D560000942C /* C4QTimeFormatter.m in Sources */,
				8D154D781B88E53C007F8270 /* C4QLapManager.m in Sources */,
				8DFFE55B1B8A3988004C6060 /* UIViewController+HeirarchyManager.m in Sources */,
				8DF70C8A1B8B824E0062BF8A /* C4QCountdownEvent.m in Sources */,
				8D05375E1B86687C00588318 /* main.m in Sources */,
				8D0FF3191B8AC7EF00FD428D /* C4QOnePtLineView.m in Sources */,
				8DF70C861B8B811C0062BF8A /* C4QEventCountdownTableViewController.m in Sources */,
				8DFFE5581B8A3356004C6060 /* C4QNewPresetTimerViewController.m in Sources */,
				8DB0193F1B88C1E9003FC0E8 /* C4QTimerViewController.m in Sources */,
				8D154D751B88DAD0007F8270 /* UIColor+TimerColors.m in Sources */,
				8D202A031B8B99CD008CB378 /* C4QEventCountdownTableViewCell.m in Sources */,
			);
			runOnlyForDeploymentPostprocessing = 0;
		};
		8D05376D1B86687C00588318 /* Sources */ = {
			isa = PBXSourcesBuildPhase;
			buildActionMask = 2147483647;
			files = (
				8D0537781B86687C00588318 /* TimeTests.m in Sources */,
			);
			runOnlyForDeploymentPostprocessing = 0;
		};
/* End PBXSourcesBuildPhase section */

/* Begin PBXTargetDependency section */
		8D0537731B86687C00588318 /* PBXTargetDependency */ = {
			isa = PBXTargetDependency;
			target = 8D0537571B86687B00588318 /* Time */;
			targetProxy = 8D0537721B86687C00588318 /* PBXContainerItemProxy */;
		};
/* End PBXTargetDependency section */

/* Begin PBXVariantGroup section */
		8D0537651B86687C00588318 /* Main.storyboard */ = {
			isa = PBXVariantGroup;
			children = (
				8D0537661B86687C00588318 /* Base */,
			);
			name = Main.storyboard;
			sourceTree = "<group>";
		};
		8D05376A1B86687C00588318 /* LaunchScreen.xib */ = {
			isa = PBXVariantGroup;
			children = (
				8D05376B1B86687C00588318 /* Base */,
			);
			name = LaunchScreen.xib;
			sourceTree = "<group>";
		};
/* End PBXVariantGroup section */

/* Begin XCBuildConfiguration section */
		8D0537791B86687C00588318 /* Debug */ = {
			isa = XCBuildConfiguration;
			buildSettings = {
				ALWAYS_SEARCH_USER_PATHS = NO;
				CLANG_CXX_LANGUAGE_STANDARD = "gnu++0x";
				CLANG_CXX_LIBRARY = "libc++";
				CLANG_ENABLE_MODULES = YES;
				CLANG_ENABLE_OBJC_ARC = YES;
				CLANG_WARN_BOOL_CONVERSION = YES;
				CLANG_WARN_CONSTANT_CONVERSION = YES;
				CLANG_WARN_DIRECT_OBJC_ISA_USAGE = YES_ERROR;
				CLANG_WARN_EMPTY_BODY = YES;
				CLANG_WARN_ENUM_CONVERSION = YES;
				CLANG_WARN_INT_CONVERSION = YES;
				CLANG_WARN_OBJC_ROOT_CLASS = YES_ERROR;
				CLANG_WARN_UNREACHABLE_CODE = YES;
				CLANG_WARN__DUPLICATE_METHOD_MATCH = YES;
				"CODE_SIGN_IDENTITY[sdk=iphoneos*]" = "iPhone Developer";
				COPY_PHASE_STRIP = NO;
				DEBUG_INFORMATION_FORMAT = "dwarf-with-dsym";
				ENABLE_STRICT_OBJC_MSGSEND = YES;
				ENABLE_TESTABILITY = YES;
				GCC_C_LANGUAGE_STANDARD = gnu99;
				GCC_DYNAMIC_NO_PIC = NO;
				GCC_NO_COMMON_BLOCKS = YES;
				GCC_OPTIMIZATION_LEVEL = 0;
				GCC_PREPROCESSOR_DEFINITIONS = (
					"DEBUG=1",
					"$(inherited)",
				);
				GCC_SYMBOLS_PRIVATE_EXTERN = NO;
				GCC_WARN_64_TO_32_BIT_CONVERSION = YES;
				GCC_WARN_ABOUT_RETURN_TYPE = YES_ERROR;
				GCC_WARN_UNDECLARED_SELECTOR = YES;
				GCC_WARN_UNINITIALIZED_AUTOS = YES_AGGRESSIVE;
				GCC_WARN_UNUSED_FUNCTION = YES;
				GCC_WARN_UNUSED_VARIABLE = YES;
				IPHONEOS_DEPLOYMENT_TARGET = 8.4;
				MTL_ENABLE_DEBUG_INFO = YES;
				ONLY_ACTIVE_ARCH = YES;
				SDKROOT = iphoneos;
				TARGETED_DEVICE_FAMILY = "1,2";
			};
			name = Debug;
		};
		8D05377A1B86687C00588318 /* Release */ = {
			isa = XCBuildConfiguration;
			buildSettings = {
				ALWAYS_SEARCH_USER_PATHS = NO;
				CLANG_CXX_LANGUAGE_STANDARD = "gnu++0x";
				CLANG_CXX_LIBRARY = "libc++";
				CLANG_ENABLE_MODULES = YES;
				CLANG_ENABLE_OBJC_ARC = YES;
				CLANG_WARN_BOOL_CONVERSION = YES;
				CLANG_WARN_CONSTANT_CONVERSION = YES;
				CLANG_WARN_DIRECT_OBJC_ISA_USAGE = YES_ERROR;
				CLANG_WARN_EMPTY_BODY = YES;
				CLANG_WARN_ENUM_CONVERSION = YES;
				CLANG_WARN_INT_CONVERSION = YES;
				CLANG_WARN_OBJC_ROOT_CLASS = YES_ERROR;
				CLANG_WARN_UNREACHABLE_CODE = YES;
				CLANG_WARN__DUPLICATE_METHOD_MATCH = YES;
				"CODE_SIGN_IDENTITY[sdk=iphoneos*]" = "iPhone Developer";
				COPY_PHASE_STRIP = NO;
				DEBUG_INFORMATION_FORMAT = "dwarf-with-dsym";
				ENABLE_NS_ASSERTIONS = NO;
				ENABLE_STRICT_OBJC_MSGSEND = YES;
				GCC_C_LANGUAGE_STANDARD = gnu99;
				GCC_NO_COMMON_BLOCKS = YES;
				GCC_WARN_64_TO_32_BIT_CONVERSION = YES;
				GCC_WARN_ABOUT_RETURN_TYPE = YES_ERROR;
				GCC_WARN_UNDECLARED_SELECTOR = YES;
				GCC_WARN_UNINITIALIZED_AUTOS = YES_AGGRESSIVE;
				GCC_WARN_UNUSED_FUNCTION = YES;
				GCC_WARN_UNUSED_VARIABLE = YES;
				IPHONEOS_DEPLOYMENT_TARGET = 8.4;
				MTL_ENABLE_DEBUG_INFO = NO;
				SDKROOT = iphoneos;
				TARGETED_DEVICE_FAMILY = "1,2";
				VALIDATE_PRODUCT = YES;
			};
			name = Release;
		};
		8D05377C1B86687C00588318 /* Debug */ = {
			isa = XCBuildConfiguration;
			buildSettings = {
				ASSETCATALOG_COMPILER_APPICON_NAME = AppIcon;
				INFOPLIST_FILE = Time/Info.plist;
				LD_RUNPATH_SEARCH_PATHS = "$(inherited) @executable_path/Frameworks";
				PRODUCT_BUNDLE_IDENTIFIER = "com.mikekavouras.$(PRODUCT_NAME:rfc1034identifier)";
				PRODUCT_NAME = "$(TARGET_NAME)";
			};
			name = Debug;
		};
		8D05377D1B86687C00588318 /* Release */ = {
			isa = XCBuildConfiguration;
			buildSettings = {
				ASSETCATALOG_COMPILER_APPICON_NAME = AppIcon;
				INFOPLIST_FILE = Time/Info.plist;
				LD_RUNPATH_SEARCH_PATHS = "$(inherited) @executable_path/Frameworks";
				PRODUCT_BUNDLE_IDENTIFIER = "com.mikekavouras.$(PRODUCT_NAME:rfc1034identifier)";
				PRODUCT_NAME = "$(TARGET_NAME)";
			};
			name = Release;
		};
		8D05377F1B86687C00588318 /* Debug */ = {
			isa = XCBuildConfiguration;
			buildSettings = {
				BUNDLE_LOADER = "$(TEST_HOST)";
				FRAMEWORK_SEARCH_PATHS = (
					"$(SDKROOT)/Developer/Library/Frameworks",
					"$(inherited)",
				);
				GCC_PREPROCESSOR_DEFINITIONS = (
					"DEBUG=1",
					"$(inherited)",
				);
				INFOPLIST_FILE = TimeTests/Info.plist;
				LD_RUNPATH_SEARCH_PATHS = "$(inherited) @executable_path/Frameworks @loader_path/Frameworks";
				PRODUCT_BUNDLE_IDENTIFIER = "com.mikekavouras.$(PRODUCT_NAME:rfc1034identifier)";
				PRODUCT_NAME = "$(TARGET_NAME)";
				TEST_HOST = "$(BUILT_PRODUCTS_DIR)/Time.app/Time";
			};
			name = Debug;
		};
		8D0537801B86687C00588318 /* Release */ = {
			isa = XCBuildConfiguration;
			buildSettings = {
				BUNDLE_LOADER = "$(TEST_HOST)";
				FRAMEWORK_SEARCH_PATHS = (
					"$(SDKROOT)/Developer/Library/Frameworks",
					"$(inherited)",
				);
				INFOPLIST_FILE = TimeTests/Info.plist;
				LD_RUNPATH_SEARCH_PATHS = "$(inherited) @executable_path/Frameworks @loader_path/Frameworks";
				PRODUCT_BUNDLE_IDENTIFIER = "com.mikekavouras.$(PRODUCT_NAME:rfc1034identifier)";
				PRODUCT_NAME = "$(TARGET_NAME)";
				TEST_HOST = "$(BUILT_PRODUCTS_DIR)/Time.app/Time";
			};
			name = Release;
		};
/* End XCBuildConfiguration section */

/* Begin XCConfigurationList section */
		8D0537531B86687B00588318 /* Build configuration list for PBXProject "Time" */ = {
			isa = XCConfigurationList;
			buildConfigurations = (
				8D0537791B86687C00588318 /* Debug */,
				8D05377A1B86687C00588318 /* Release */,
			);
			defaultConfigurationIsVisible = 0;
			defaultConfigurationName = Release;
		};
		8D05377B1B86687C00588318 /* Build configuration list for PBXNativeTarget "Time" */ = {
			isa = XCConfigurationList;
			buildConfigurations = (
				8D05377C1B86687C00588318 /* Debug */,
				8D05377D1B86687C00588318 /* Release */,
			);
			defaultConfigurationIsVisible = 0;
			defaultConfigurationName = Release;
		};
		8D05377E1B86687C00588318 /* Build configuration list for PBXNativeTarget "TimeTests" */ = {
			isa = XCConfigurationList;
			buildConfigurations = (
				8D05377F1B86687C00588318 /* Debug */,
				8D0537801B86687C00588318 /* Release */,
			);
			defaultConfigurationIsVisible = 0;
			defaultConfigurationName = Release;
		};
/* End XCConfigurationList section */
	};
	rootObject = 8D0537501B86687B00588318 /* Project object */;
}
